{
  "name": "lnbits",
  "lockfileVersion": 2,
  "requires": true,
  "packages": {
    "": {
      "dependencies": {
        "leaflet": "^1.7.1",
        "vue2-leaflet": "^2.7.0"
      },
      "devDependencies": {
        "prettier": "2.1.1"
      }
    },
    "node_modules/@types/geojson": {
      "version": "7946.0.7",
      "resolved": "https://registry.npmjs.org/@types/geojson/-/geojson-7946.0.7.tgz",
      "integrity": "sha512-wE2v81i4C4Ol09RtsWFAqg3BUitWbHSpSlIo+bNdsCJijO9sjme+zm+73ZMCa/qMC8UEERxzGbvmr1cffo2SiQ==",
      "peer": true
    },
    "node_modules/@types/leaflet": {
      "version": "1.7.0",
      "resolved": "https://registry.npmjs.org/@types/leaflet/-/leaflet-1.7.0.tgz",
      "integrity": "sha512-ltv5jR+VjKSMtoDkxH61Rsbo0zLU7iqyOXpVPkAX4F+79fg2eymC7t0msWsfNaEZO1FGTIQATCCCQe+ijWoicg==",
      "peer": true,
      "dependencies": {
        "@types/geojson": "*"
      }
    },
    "node_modules/leaflet": {
      "version": "1.7.1",
      "resolved": "https://registry.npmjs.org/leaflet/-/leaflet-1.7.1.tgz",
      "integrity": "sha512-/xwPEBidtg69Q3HlqPdU3DnrXQOvQU/CCHA1tcDQVzOwm91YMYaILjNp7L4Eaw5Z4sOYdbBz6koWyibppd8Zqw=="
    },
    "node_modules/prettier": {
      "version": "2.1.1",
      "resolved": "https://registry.npmjs.org/prettier/-/prettier-2.1.1.tgz",
      "integrity": "sha512-9bY+5ZWCfqj3ghYBLxApy2zf6m+NJo5GzmLTpr9FsApsfjriNnS2dahWReHMi7qNPhhHl9SYHJs2cHZLgexNIw==",
      "dev": true,
      "bin": {
        "prettier": "bin-prettier.js"
      },
      "engines": {
        "node": ">=10.13.0"
      }
    },
    "node_modules/vue": {
      "version": "2.6.12",
      "resolved": "https://registry.npmjs.org/vue/-/vue-2.6.12.tgz",
      "integrity": "sha512-uhmLFETqPPNyuLLbsKz6ioJ4q7AZHzD8ZVFNATNyICSZouqP2Sz0rotWQC8UNBF6VGSCs5abnKJoStA6JbCbfg==",
      "peer": true
    },
    "node_modules/vue2-leaflet": {
      "version": "2.7.0",
      "resolved": "https://registry.npmjs.org/vue2-leaflet/-/vue2-leaflet-2.7.0.tgz",
      "integrity": "sha512-uT7lpFoVEDhINMyTpiAthh6aiKFGHuYWLoVH8JJ0YNNSch+XMZFl4YBQ0S2hHYDquQIsh8zx+yINeUI01y9ugw==",
      "peerDependencies": {
        "@types/leaflet": "^1.5.7",
        "leaflet": "^1.3.4",
        "vue": "^2.5.17"
      }
    }
  },
  "dependencies": {
    "@types/geojson": {
      "version": "7946.0.7",
      "resolved": "https://registry.npmjs.org/@types/geojson/-/geojson-7946.0.7.tgz",
      "integrity": "sha512-wE2v81i4C4Ol09RtsWFAqg3BUitWbHSpSlIo+bNdsCJijO9sjme+zm+73ZMCa/qMC8UEERxzGbvmr1cffo2SiQ==",
      "peer": true
    },
    "@types/leaflet": {
      "version": "1.7.0",
      "resolved": "https://registry.npmjs.org/@types/leaflet/-/leaflet-1.7.0.tgz",
      "integrity": "sha512-ltv5jR+VjKSMtoDkxH61Rsbo0zLU7iqyOXpVPkAX4F+79fg2eymC7t0msWsfNaEZO1FGTIQATCCCQe+ijWoicg==",
      "peer": true,
      "requires": {
        "@types/geojson": "*"
      }
    },
    "leaflet": {
      "version": "1.7.1",
      "resolved": "https://registry.npmjs.org/leaflet/-/leaflet-1.7.1.tgz",
      "integrity": "sha512-/xwPEBidtg69Q3HlqPdU3DnrXQOvQU/CCHA1tcDQVzOwm91YMYaILjNp7L4Eaw5Z4sOYdbBz6koWyibppd8Zqw=="
    },
    "prettier": {
      "version": "2.1.1",
      "resolved": "https://registry.npmjs.org/prettier/-/prettier-2.1.1.tgz",
      "integrity": "sha512-9bY+5ZWCfqj3ghYBLxApy2zf6m+NJo5GzmLTpr9FsApsfjriNnS2dahWReHMi7qNPhhHl9SYHJs2cHZLgexNIw==",
      "dev": true
    },
    "vue": {
      "version": "2.6.12",
      "resolved": "https://registry.npmjs.org/vue/-/vue-2.6.12.tgz",
      "integrity": "sha512-uhmLFETqPPNyuLLbsKz6ioJ4q7AZHzD8ZVFNATNyICSZouqP2Sz0rotWQC8UNBF6VGSCs5abnKJoStA6JbCbfg==",
      "peer": true
    },
    "vue2-leaflet": {
      "version": "2.7.0",
      "resolved": "https://registry.npmjs.org/vue2-leaflet/-/vue2-leaflet-2.7.0.tgz",
      "integrity": "sha512-uT7lpFoVEDhINMyTpiAthh6aiKFGHuYWLoVH8JJ0YNNSch+XMZFl4YBQ0S2hHYDquQIsh8zx+yINeUI01y9ugw==",
      "requires": {}
    }
  }
}
